{
  "requires": true,
  "lockfileVersion": 1,
  "dependencies": {
    "argparse": {
      "version": "1.0.10",
      "resolved": "https://registry.npm.taobao.org/argparse/download/argparse-1.0.10.tgz?cache=0&sync_timestamp=1598649930428&other_urls=https%3A%2F%2Fregistry.npm.taobao.org%2Fargparse%2Fdownload%2Fargparse-1.0.10.tgz",
      "integrity": "sha1-vNZ5HqWuCXJeF+WtmIE0zUCz2RE=",
      "requires": {
        "sprintf-js": "~1.0.2"
      }
    },
    "bluebird": {
      "version": "3.7.2",
      "resolved": "https://registry.npm.taobao.org/bluebird/download/bluebird-3.7.2.tgz",
      "integrity": "sha1-nyKcFb4nJFT/qXOs4NvueaGww28="
    },
    "camel-case": {
      "version": "4.1.1",
      "resolved": "https://registry.npm.taobao.org/camel-case/download/camel-case-4.1.1.tgz",
      "integrity": "sha1-H8QchU8A4vfQE53+uhVC1olv5Uc=",
      "requires": {
        "pascal-case": "^3.1.1",
        "tslib": "^1.10.0"
      }
    },
    "clipboard": {
      "version": "2.0.6",
      "resolved": "https://registry.npm.taobao.org/clipboard/download/clipboard-2.0.6.tgz?cache=0&other_urls=https%3A%2F%2Fregistry.npm.taobao.org%2Fclipboard%2Fdownload%2Fclipboard-2.0.6.tgz",
      "integrity": "sha1-UpISlu7A/fd+rRdJQhshyWhkc3Y=",
      "optional": true,
      "requires": {
        "good-listener": "^1.2.2",
        "select": "^1.1.2",
        "tiny-emitter": "^2.0.0"
      }
    },
    "cross-spawn": {
      "version": "7.0.3",
      "resolved": "https://registry.npm.taobao.org/cross-spawn/download/cross-spawn-7.0.3.tgz?cache=0&sync_timestamp=1590421014780&other_urls=https%3A%2F%2Fregistry.npm.taobao.org%2Fcross-spawn%2Fdownload%2Fcross-spawn-7.0.3.tgz",
      "integrity": "sha1-9zqFudXUHQRVUcF34ogtSshXKKY=",
      "requires": {
        "path-key": "^3.1.0",
        "shebang-command": "^2.0.0",
        "which": "^2.0.1"
      }
    },
    "deepmerge": {
      "version": "4.2.2",
      "resolved": "https://registry.npm.taobao.org/deepmerge/download/deepmerge-4.2.2.tgz",
      "integrity": "sha1-RNLqNnm49NT/ujPwPYZfwee/SVU="
    },
    "delegate": {
      "version": "3.2.0",
      "resolved": "https://registry.npm.taobao.org/delegate/download/delegate-3.2.0.tgz",
      "integrity": "sha1-tmtxwxWFIuirV0T3INjKDCr1kWY=",
      "optional": true
    },
    "dom-serializer": {
      "version": "1.1.0",
      "resolved": "https://registry.npm.taobao.org/dom-serializer/download/dom-serializer-1.1.0.tgz?cache=0&sync_timestamp=1600026762467&other_urls=https%3A%2F%2Fregistry.npm.taobao.org%2Fdom-serializer%2Fdownload%2Fdom-serializer-1.1.0.tgz",
      "integrity": "sha1-X3yCjxv8RIh9wqMVq1xFaR1US1g=",
      "requires": {
        "domelementtype": "^2.0.1",
        "domhandler": "^3.0.0",
        "entities": "^2.0.0"
      }
    },
    "domelementtype": {
      "version": "2.0.2",
      "resolved": "https://registry.npm.taobao.org/domelementtype/download/domelementtype-2.0.2.tgz",
      "integrity": "sha1-87blSSAeRvWItZRj3XcYcTH+aXE="
    },
    "domhandler": {
      "version": "3.3.0",
      "resolved": "https://registry.npm.taobao.org/domhandler/download/domhandler-3.3.0.tgz",
      "integrity": "sha1-bbfqRuRhfrFc+HXfaLK4UkzgA3o=",
      "requires": {
        "domelementtype": "^2.0.1"
      }
    },
    "domutils": {
      "version": "2.4.2",
      "resolved": "https://registry.npm.taobao.org/domutils/download/domutils-2.4.2.tgz?cache=0&sync_timestamp=1601761294162&other_urls=https%3A%2F%2Fregistry.npm.taobao.org%2Fdomutils%2Fdownload%2Fdomutils-2.4.2.tgz",
      "integrity": "sha1-fuW+JhlE4a1IfZqgYWcgAQEjkis=",
      "requires": {
        "dom-serializer": "^1.0.1",
        "domelementtype": "^2.0.1",
        "domhandler": "^3.3.0"
      }
    },
    "entities": {
      "version": "2.1.0",
      "resolved": "https://registry.npm.taobao.org/entities/download/entities-2.1.0.tgz?cache=0&sync_timestamp=1602897011205&other_urls=https%3A%2F%2Fregistry.npm.taobao.org%2Fentities%2Fdownload%2Fentities-2.1.0.tgz",
      "integrity": "sha1-mS0xKc999ocLlsV4WMJJoSD4uLU="
    },
    "esprima": {
      "version": "4.0.1",
      "resolved": "https://registry.npm.taobao.org/esprima/download/esprima-4.0.1.tgz",
      "integrity": "sha1-E7BM2z5sXRnfkatph6hpVhmwqnE="
    },
    "good-listener": {
      "version": "1.2.2",
      "resolved": "https://registry.npm.taobao.org/good-listener/download/good-listener-1.2.2.tgz",
      "integrity": "sha1-1TswzfkxPf+33JoNR3CWqm0UXFA=",
      "optional": true,
      "requires": {
        "delegate": "^3.1.2"
      }
    },
    "hexo-generator-json-content": {
      "version": "4.2.3",
      "resolved": "https://registry.npm.taobao.org/hexo-generator-json-content/download/hexo-generator-json-content-4.2.3.tgz",
      "integrity": "sha1-HKuvUzGcTKW+QaNKUB8oDnbK5gs=",
      "requires": {
        "hexo-util": "^2.4.0",
        "keyword-extractor": "^0.0.19",
        "moment": "^2.29.1"
      }
    },
    "hexo-util": {
      "version": "2.4.0",
      "resolved": "https://registry.npm.taobao.org/hexo-util/download/hexo-util-2.4.0.tgz",
      "integrity": "sha1-9cAJmgoXGLOtJwYeXk0fuet/K0E=",
      "requires": {
        "bluebird": "^3.5.2",
        "camel-case": "^4.0.0",
        "cross-spawn": "^7.0.0",
        "deepmerge": "^4.2.2",
        "highlight.js": "^10.0.0",
        "htmlparser2": "^4.0.0",
        "prismjs": "^1.17.1",
        "strip-indent": "^3.0.0",
        "striptags": "^3.1.1"
      }
    },
    "highlight.js": {
      "version": "10.3.2",
      "resolved": "https://registry.npm.taobao.org/highlight.js/download/highlight.js-10.3.2.tgz?cache=0&sync_timestamp=1603977328784&other_urls=https%3A%2F%2Fregistry.npm.taobao.org%2Fhighlight.js%2Fdownload%2Fhighlight.js-10.3.2.tgz",
      "integrity": "sha1-E1/TYZoAw8u4tM1tvHjVa/y8RvE="
    },
    "htmlparser2": {
      "version": "4.1.0",
      "resolved": "https://registry.npm.taobao.org/htmlparser2/download/htmlparser2-4.1.0.tgz",
      "integrity": "sha1-mk7xYfLkYl6/ffvmwKL1LRilnng=",
      "requires": {
        "domelementtype": "^2.0.1",
        "domhandler": "^3.0.0",
        "domutils": "^2.0.0",
        "entities": "^2.0.0"
      }
    },
    "is-plain-object": {
      "version": "2.0.4",
      "resolved": "https://registry.npm.taobao.org/is-plain-object/download/is-plain-object-2.0.4.tgz?cache=0&sync_timestamp=1599667316315&other_urls=https%3A%2F%2Fregistry.npm.taobao.org%2Fis-plain-object%2Fdownload%2Fis-plain-object-2.0.4.tgz",
      "integrity": "sha1-LBY7P6+xtgbZ0Xko8FwqHDjgdnc=",
      "requires": {
        "isobject": "^3.0.1"
      }
    },
    "isexe": {
      "version": "2.0.0",
      "resolved": "https://registry.npm.taobao.org/isexe/download/isexe-2.0.0.tgz",
      "integrity": "sha1-6PvzdNxVb/iUehDcsFctYz8s+hA="
    },
    "isobject": {
      "version": "3.0.1",
      "resolved": "https://registry.npm.taobao.org/isobject/download/isobject-3.0.1.tgz",
      "integrity": "sha1-TkMekrEalzFjaqH5yNHMvP2reN8="
    },
    "js-yaml": {
      "version": "3.14.0",
      "resolved": "https://registry.npm.taobao.org/js-yaml/download/js-yaml-3.14.0.tgz?cache=0&sync_timestamp=1590172122543&other_urls=https%3A%2F%2Fregistry.npm.taobao.org%2Fjs-yaml%2Fdownload%2Fjs-yaml-3.14.0.tgz",
      "integrity": "sha1-p6NBcPJqIbsWJCTYray0ETpp5II=",
      "requires": {
        "argparse": "^1.0.7",
        "esprima": "^4.0.0"
      }
    },
    "keyword-extractor": {
      "version": "0.0.19",
      "resolved": "https://registry.npm.taobao.org/keyword-extractor/download/keyword-extractor-0.0.19.tgz",
      "integrity": "sha1-u8d1SUOYbNjjdgFnHqKJdJ6DItY=",
      "requires": {
        "js-yaml": ">=3.13.1",
        "kind-of": ">=6.0.3",
        "minimist": ">=0.2.1",
        "set-value": ">=2.0.1",
        "underscore": "1.10.2",
        "underscore.string": "3.3.5"
      }
    },
    "kind-of": {
      "version": "6.0.3",
      "resolved": "https://registry.npm.taobao.org/kind-of/download/kind-of-6.0.3.tgz",
      "integrity": "sha1-B8BQNKbDSfoG4k+jWqdttFgM5N0="
    },
    "lower-case": {
      "version": "2.0.1",
      "resolved": "https://registry.npm.taobao.org/lower-case/download/lower-case-2.0.1.tgz",
      "integrity": "sha1-Oe6zbjlhFcwF4pQi6uqeaSyUCMc=",
      "requires": {
        "tslib": "^1.10.0"
      }
    },
    "min-indent": {
      "version": "1.0.1",
      "resolved": "https://registry.npm.taobao.org/min-indent/download/min-indent-1.0.1.tgz",
      "integrity": "sha1-pj9oFnOzBXH76LwlaGrnRu76mGk="
    },
    "minimist": {
      "version": "1.2.5",
      "resolved": "https://registry.npm.taobao.org/minimist/download/minimist-1.2.5.tgz",
      "integrity": "sha1-Z9ZgFLZqaoqqDAg8X9WN9OTpdgI="
    },
    "moment": {
      "version": "2.29.1",
      "resolved": "https://registry.npm.taobao.org/moment/download/moment-2.29.1.tgz?cache=0&sync_timestamp=1601983320283&other_urls=https%3A%2F%2Fregistry.npm.taobao.org%2Fmoment%2Fdownload%2Fmoment-2.29.1.tgz",
      "integrity": "sha1-sr52n6MZQL6e7qZGnAdeNQBvo9M="
    },
    "no-case": {
      "version": "3.0.3",
      "resolved": "https://registry.npm.taobao.org/no-case/download/no-case-3.0.3.tgz?cache=0&sync_timestamp=1576721505371&other_urls=https%3A%2F%2Fregistry.npm.taobao.org%2Fno-case%2Fdownload%2Fno-case-3.0.3.tgz",
      "integrity": "sha1-whtDTB/+SLOQh+hs+00lgunfGPg=",
      "requires": {
        "lower-case": "^2.0.1",
        "tslib": "^1.10.0"
      }
    },
    "pascal-case": {
      "version": "3.1.1",
      "resolved": "https://registry.npm.taobao.org/pascal-case/download/pascal-case-3.1.1.tgz",
      "integrity": "sha1-WsGXUTPtYZKB6Ikglz0s0fJ53l8=",
      "requires": {
        "no-case": "^3.0.3",
        "tslib": "^1.10.0"
      }
    },
    "path-key": {
      "version": "3.1.1",
      "resolved": "https://registry.npm.taobao.org/path-key/download/path-key-3.1.1.tgz",
      "integrity": "sha1-WB9q3mWMu6ZaDTOA3ndTKVBU83U="
    },
    "prismjs": {
      "version": "1.22.0",
      "resolved": "https://registry.npm.taobao.org/prismjs/download/prismjs-1.22.0.tgz",
      "integrity": "sha1-c8NACvxYqCPdfu0CP44c6f2Jd/o=",
      "requires": {
        "clipboard": "^2.0.0"
      }
    },
    "select": {
      "version": "1.1.2",
      "resolved": "https://registry.npm.taobao.org/select/download/select-1.1.2.tgz",
      "integrity": "sha1-DnNQrN7ICxEIUoeG7B1EGNEbOW0=",
      "optional": true
    },
    "set-value": {
      "version": "3.0.2",
      "resolved": "https://registry.npm.taobao.org/set-value/download/set-value-3.0.2.tgz?cache=0&sync_timestamp=1585775409029&other_urls=https%3A%2F%2Fregistry.npm.taobao.org%2Fset-value%2Fdownload%2Fset-value-3.0.2.tgz",
      "integrity": "sha1-dOjs0CPDPQ93GZ1BVAmkDyHmG5A=",
      "requires": {
        "is-plain-object": "^2.0.4"
      }
    },
    "shebang-command": {
      "version": "2.0.0",
      "resolved": "https://registry.npm.taobao.org/shebang-command/download/shebang-command-2.0.0.tgz",
      "integrity": "sha1-zNCvT4g1+9wmW4JGGq8MNmY/NOo=",
      "requires": {
        "shebang-regex": "^3.0.0"
      }
    },
    "shebang-regex": {
      "version": "3.0.0",
      "resolved": "https://registry.npm.taobao.org/shebang-regex/download/shebang-regex-3.0.0.tgz",
      "integrity": "sha1-rhbxZE2HPsrYQ7AwexQzYtTEIXI="
    },
    "sprintf-js": {
      "version": "1.0.3",
      "resolved": "https://registry.npm.taobao.org/sprintf-js/download/sprintf-js-1.0.3.tgz",
      "integrity": "sha1-BOaSb2YolTVPPdAVIDYzuFcpfiw="
    },
    "strip-indent": {
      "version": "3.0.0",
      "resolved": "https://registry.npm.taobao.org/strip-indent/download/strip-indent-3.0.0.tgz",
      "integrity": "sha1-wy4c7pQLazQyx3G8LFS8znPNMAE=",
      "requires": {
        "min-indent": "^1.0.0"
      }
    },
    "striptags": {
      "version": "3.1.1",
      "resolved": "https://registry.npm.taobao.org/striptags/download/striptags-3.1.1.tgz",
      "integrity": "sha1-yMPn/db7S7OjKjt1LltePjgJPr0="
    },
    "tiny-emitter": {
      "version": "2.1.0",
      "resolved": "https://registry.npm.taobao.org/tiny-emitter/download/tiny-emitter-2.1.0.tgz",
      "integrity": "sha1-HRpW7fxRxD6GPLtTgqcjMONVVCM=",
      "optional": true
    },
    "tslib": {
      "version": "1.14.1",
      "resolved": "https://registry.npm.taobao.org/tslib/download/tslib-1.14.1.tgz?cache=0&sync_timestamp=1602286603545&other_urls=https%3A%2F%2Fregistry.npm.taobao.org%2Ftslib%2Fdownload%2Ftslib-1.14.1.tgz",
      "integrity": "sha1-zy04vcNKE0vK8QkcQfZhni9nLQA="
    },
    "underscore": {
      "version": "1.10.2",
      "resolved": "https://registry.npm.taobao.org/underscore/download/underscore-1.10.2.tgz",
      "integrity": "sha1-c9aqNmjzGI5K2w8ZQ70Sz9fvqq8="
    },
    "underscore.string": {
      "version": "3.3.5",
      "resolved": "https://registry.npm.taobao.org/underscore.string/download/underscore.string-3.3.5.tgz",
      "integrity": "sha1-/CrSVbi9MJ4jnLxYFv0jqbfqQCM=",
      "requires": {
        "sprintf-js": "^1.0.3",
        "util-deprecate": "^1.0.2"
      }
    },
    "util-deprecate": {
      "version": "1.0.2",
      "resolved": "https://registry.npm.taobao.org/util-deprecate/download/util-deprecate-1.0.2.tgz",
      "integrity": "sha1-RQ1Nyfpw3nMnYvvS1KKJgUGaDM8="
    },
    "which": {
      "version": "2.0.2",
      "resolved": "https://registry.npm.taobao.org/which/download/which-2.0.2.tgz?cache=0&sync_timestamp=1574116262707&other_urls=https%3A%2F%2Fregistry.npm.taobao.org%2Fwhich%2Fdownload%2Fwhich-2.0.2.tgz",
      "integrity": "sha1-fGqN0KY2oDJ+ELWckobu6T8/UbE=",
      "requires": {
        "isexe": "^2.0.0"
      }
    }
  }
}
